
Microsoft Visual Studio Solution File, Format Version 12.00
# Visual Studio Version 16
VisualStudioVersion = 16.0.810.17
MinimumVisualStudioVersion = 10.0.40219.1
Project("{FAE04EC0-301F-11D3-BF4B-00C04F79EFBC}") = "IndependentLearning", "IndependentLearning.csproj", "{9FF39A84-DA9D-4F0E-9F34-22E9167469FF}"
EndProject
Global
	GlobalSection(SolutionConfigurationPlatforms) = preSolution
		Debug|Any CPU = Debug|Any CPU
		Release|Any CPU = Release|Any CPU
	EndGlobalSection
	GlobalSection(ProjectConfigurationPlatforms) = postSolution
		{9FF39A84-DA9D-4F0E-9F34-22E9167469FF}.Debug|Any CPU.ActiveCfg = Debug|Any CPU
		{9FF39A84-DA9D-4F0E-9F34-22E9167469FF}.Debug|Any CPU.Build.0 = Debug|Any CPU
		{9FF39A84-DA9D-4F0E-9F34-22E9167469FF}.Release|Any CPU.ActiveCfg = Release|Any CPU
		{9FF39A84-DA9D-4F0E-9F34-22E9167469FF}.Release|Any CPU.Build.0 = Release|Any CPU
	EndGlobalSection
	GlobalSection(SolutionProperties) = preSolution
		HideSolutionNode = FALSE
	EndGlobalSection
	GlobalSection(ExtensibilityGlobals) = postSolution
		SolutionGuid = {21078620-2698-483C-9D8D-04C8CFABA415}
	EndGlobalSection
EndGlobal
